
Microsoft Visual Studio Solution File, Format Version 12.00
# Visual Studio Version 17
VisualStudioVersion = 17.13.35931.197 d17.13
MinimumVisualStudioVersion = 10.0.40219.1
Project("{FAE04EC0-301F-11D3-BF4B-00C04F79EFBC}") = "ExitControl", "ExitControl.csproj", "{7B9FE142-2908-412E-B8BB-3FD3C3A3AABF}"
EndProject
Global
	GlobalSection(SolutionConfigurationPlatforms) = preSolution
		Debug|Any CPU = Debug|Any CPU
		Release|Any CPU = Release|Any CPU
	EndGlobalSection
	GlobalSection(ProjectConfigurationPlatforms) = postSolution
		{7B9FE142-2908-412E-B8BB-3FD3C3A3AABF}.Debug|Any CPU.ActiveCfg = Debug|Any CPU
		{7B9FE142-2908-412E-B8BB-3FD3C3A3AABF}.Debug|Any CPU.Build.0 = Debug|Any CPU
		{7B9FE142-2908-412E-B8BB-3FD3C3A3AABF}.Release|Any CPU.ActiveCfg = Release|Any CPU
		{7B9FE142-2908-412E-B8BB-3FD3C3A3AABF}.Release|Any CPU.Build.0 = Release|Any CPU
	EndGlobalSection
	GlobalSection(SolutionProperties) = preSolution
		HideSolutionNode = FALSE
	EndGlobalSection
	GlobalSection(ExtensibilityGlobals) = postSolution
		SolutionGuid = {0E1780F9-E162-4001-A62A-B8D001FCBF11}
	EndGlobalSection
EndGlobal
